# This file was autogenerated by Stack.
# You should not edit this file by hand.
# For more information, please see the documentation at:
#   https://docs.haskellstack.org/en/stable/topics/lock_files

packages: []
snapshots:
- completed:
    sha256: a1d9b59386fea77dda7e22f02995a04c1882f3fac315505f9d1a4d358576c0e5
    size: 719998
    url: https://raw.githubusercontent.com/commercialhaskell/stackage-snapshots/master/nightly/2026/1/17.yaml
  original: nightly-2026-01-17
