# This file was autogenerated by Stack.
# You should not edit this file by hand.
# For more information, please see the documentation at:
#   https://docs.haskellstack.org/en/stable/lock_files

packages:
- completed:
    size: 14294
    url: https://github.com/brandonchinn178/toml-parser/archive/22a23cfa78a5.tar.gz
    name: toml-parser
    version: 0.1.0.0
    sha256: 7e0ef427e914d0683c9d187d5c481ce6a60a26d55f1210343ae3deb296ee8ba0
    pantry-tree:
      size: 1177
      sha256: cdd9c6b1be24443014bc957be0e53c1da3ba3f4c81be1750701b1baea4657163
  original:
    url: https://github.com/brandonchinn178/toml-parser/archive/22a23cfa78a5.tar.gz
snapshots:
- completed:
    size: 617355
    url: https://raw.githubusercontent.com/commercialhaskell/stackage-snapshots/master/lts/19/1.yaml
    sha256: cbd5e8593869445794924668479b5bd9f1738d075898623dceacc13b2576b6e3
  original: lts-19.1
